// !$*UTF8*$!
{
	archiveVersion = 1;
	classes = {
	};
	objectVersion = 46;
	objects = {

/* Begin PBXBuildFile section */
		6C0A99D51E75CD5100548D88 /* HyperCardCommon.framework in CopyFiles */ = {isa = PBXBuildFile; fileRef = 6C9E6A9B1E75BCCE00BBF925 /* HyperCardCommon.framework */; settings = {ATTRIBUTES = (CodeSignOnCopy, RemoveHeadersOnCopy, ); }; };
		6C1763401F57218C006E72C7 /* CardItemView.swift in Sources */ = {isa = PBXBuildFile; fileRef = 6C17633F1F57218C006E72C7 /* CardItemView.swift */; };
		6C1763421F572809006E72C7 /* CardItem.swift in Sources */ = {isa = PBXBuildFile; fileRef = 6C1763411F572809006E72C7 /* CardItem.swift */; };
		6C26B8C61E6D7520006C314B /* AppDelegate.swift in Sources */ = {isa = PBXBuildFile; fileRef = 6C26B8C51E6D7520006C314B /* AppDelegate.swift */; };
		6C26B8C81E6D7520006C314B /* Document.swift in Sources */ = {isa = PBXBuildFile; fileRef = 6C26B8C71E6D7520006C314B /* Document.swift */; };
		6C26B8CB1E6D7520006C314B /* Document.xib in Resources */ = {isa = PBXBuildFile; fileRef = 6C26B8C91E6D7520006C314B /* Document.xib */; };
		6C26B8CD1E6D7520006C314B /* Assets.xcassets in Resources */ = {isa = PBXBuildFile; fileRef = 6C26B8CC1E6D7520006C314B /* Assets.xcassets */; };
		6C26B8D01E6D7520006C314B /* MainMenu.xib in Resources */ = {isa = PBXBuildFile; fileRef = 6C26B8CE1E6D7520006C314B /* MainMenu.xib */; };
		6C26B8DB1E6D7577006C314B /* DocumentView.swift in Sources */ = {isa = PBXBuildFile; fileRef = 6C26B8DA1E6D7577006C314B /* DocumentView.swift */; };
		6C2E0621215E61830071DE26 /* EmptySound.wav in Resources */ = {isa = PBXBuildFile; fileRef = 6C2E061E215E61830071DE26 /* EmptySound.wav */; };
		6C3682AE1E735EFF00EDF16D /* ScriptBorderView.swift in Sources */ = {isa = PBXBuildFile; fileRef = 6C3682AD1E735EFF00EDF16D /* ScriptBorderView.swift */; };
		6C36D801215E1CD3003AA45F /* SoundResourceIcon.png in Resources */ = {isa = PBXBuildFile; fileRef = 6C36D7FE215E1CD3003AA45F /* SoundResourceIcon.png */; };
		6C36D803215E25B7003AA45F /* BinaryResourceIcon.png in Resources */ = {isa = PBXBuildFile; fileRef = 6C36D802215E25B7003AA45F /* BinaryResourceIcon.png */; };
		6C36D805215E27DA003AA45F /* ResourceItemView.swift in Sources */ = {isa = PBXBuildFile; fileRef = 6C36D804215E27DA003AA45F /* ResourceItemView.swift */; };
		6C3FF056215CEC6300BCEC81 /* ExportAccessoryView.xib in Resources */ = {isa = PBXBuildFile; fileRef = 6C3FF055215CEC6300BCEC81 /* ExportAccessoryView.xib */; };
		6C3FF05A215CEF0200BCEC81 /* ImageExporter.swift in Sources */ = {isa = PBXBuildFile; fileRef = 6C3FF059215CEF0200BCEC81 /* ImageExporter.swift */; };
		6C3FF05C215CF73400BCEC81 /* ExportProgress.xib in Resources */ = {isa = PBXBuildFile; fileRef = 6C3FF05B215CF73400BCEC81 /* ExportProgress.xib */; };
		6C4FE2571E75849700E2BF12 /* Stack.icns in Resources */ = {isa = PBXBuildFile; fileRef = 6C4FE2561E75849700E2BF12 /* Stack.icns */; };
		6C4FE2671E75A4CE00E2BF12 /* Application.icns in Resources */ = {isa = PBXBuildFile; fileRef = 6C4FE2661E75A4CE00E2BF12 /* Application.icns */; };
		6C6064031F5B14CC00988560 /* CollectionView.swift in Sources */ = {isa = PBXBuildFile; fileRef = 6C6064021F5B14CC00988560 /* CollectionView.swift */; };
		6C9E6D401E75C02700BBF925 /* HyperCardCommon.framework in Frameworks */ = {isa = PBXBuildFile; fileRef = 6C9E6A9B1E75BCCE00BBF925 /* HyperCardCommon.framework */; };
		6CA554A61F602852005914E2 /* Help.xib in Resources */ = {isa = PBXBuildFile; fileRef = 6CA554A51F602852005914E2 /* Help.xib */; };
		6CA554AB1F602FD8005914E2 /* Shortcuts.html in Resources */ = {isa = PBXBuildFile; fileRef = 6CA554AA1F602FD8005914E2 /* Shortcuts.html */; };
		6CADCC071F474A3C00B895FB /* VisualEffects.swift in Sources */ = {isa = PBXBuildFile; fileRef = 6CADCC061F474A3C00B895FB /* VisualEffects.swift */; };
		6CB8B9871F4B0E4E0070116D /* CollectionViewManager.swift in Sources */ = {isa = PBXBuildFile; fileRef = 6CB8B9861F4B0E4E0070116D /* CollectionViewManager.swift */; };
		6CB8B98D1F4B16BC0070116D /* CardItem.xib in Resources */ = {isa = PBXBuildFile; fileRef = 6CB8B98C1F4B16BC0070116D /* CardItem.xib */; };
		6CC2F9492150F3C2007A7008 /* Stack Encoding.swift in Sources */ = {isa = PBXBuildFile; fileRef = 6CC2F9482150F3C2007A7008 /* Stack Encoding.swift */; };
		6CCC93A11E73483D0059C8D8 /* InfoPanel.xib in Resources */ = {isa = PBXBuildFile; fileRef = 6CCC93A01E73483D0059C8D8 /* InfoPanel.xib */; };
		6CCC93A31E734A580059C8D8 /* InfoPanelController.swift in Sources */ = {isa = PBXBuildFile; fileRef = 6CCC93A21E734A580059C8D8 /* InfoPanelController.swift */; };
		6CCE925B215D547600A93935 /* ResourceController.swift in Sources */ = {isa = PBXBuildFile; fileRef = 6CCE925A215D547600A93935 /* ResourceController.swift */; };
		6CCE925F215D692100A93935 /* ResourceWindow.xib in Resources */ = {isa = PBXBuildFile; fileRef = 6CCE925E215D692100A93935 /* ResourceWindow.xib */; };
		6CCE9261215D6C0A00A93935 /* ResourceItem.swift in Sources */ = {isa = PBXBuildFile; fileRef = 6CCE9260215D6C0A00A93935 /* ResourceItem.swift */; };
		6CCE9263215D6C1A00A93935 /* ResourceItem.xib in Resources */ = {isa = PBXBuildFile; fileRef = 6CCE9262215D6C1A00A93935 /* ResourceItem.xib */; };
		6CCFE626215E3D14000ED882 /* ResourceImageWindow.xib in Resources */ = {isa = PBXBuildFile; fileRef = 6CCFE625215E3D14000ED882 /* ResourceImageWindow.xib */; };
		6CCFE62A215E3D5E000ED882 /* ResourceImageController.swift in Sources */ = {isa = PBXBuildFile; fileRef = 6CCFE629215E3D5E000ED882 /* ResourceImageController.swift */; };
		6CCFE62C215E41FE000ED882 /* ResourceBinaryWindow.xib in Resources */ = {isa = PBXBuildFile; fileRef = 6CCFE62B215E41FE000ED882 /* ResourceBinaryWindow.xib */; };
		6CCFE62E215E426D000ED882 /* ResourceBinaryController.swift in Sources */ = {isa = PBXBuildFile; fileRef = 6CCFE62D215E426D000ED882 /* ResourceBinaryController.swift */; };
/* End PBXBuildFile section */

/* Begin PBXContainerItemProxy section */
		6C6C43021F55BF1700AF579D /* PBXContainerItemProxy */ = {
			isa = PBXContainerItemProxy;
			containerPortal = 6C9E6A961E75BCCD00BBF925 /* HyperCardCommon.xcodeproj */;
			proxyType = 2;
			remoteGlobalIDString = 6CB025451F4ED75700B57D87;
			remoteInfo = HyperCardCommonTests;
		};
		6C9E6A9A1E75BCCE00BBF925 /* PBXContainerItemProxy */ = {
			isa = PBXContainerItemProxy;
			containerPortal = 6C9E6A961E75BCCD00BBF925 /* HyperCardCommon.xcodeproj */;
			proxyType = 2;
			remoteGlobalIDString = 6C9E6A8B1E75BCCD00BBF925;
			remoteInfo = HyperCardCommon;
		};
/* End PBXContainerItemProxy section */

/* Begin PBXCopyFilesBuildPhase section */
		6C0A99D21E75CCF300548D88 /* CopyFiles */ = {
			isa = PBXCopyFilesBuildPhase;
			buildActionMask = 8;
			dstPath = ../Library/QuickLook;
			dstSubfolderSpec = 6;
			files = (
			);
			runOnlyForDeploymentPostprocessing = 1;
		};
		6C0A99D41E75CD4600548D88 /* CopyFiles */ = {
			isa = PBXCopyFilesBuildPhase;
			buildActionMask = 2147483647;
			dstPath = "";
			dstSubfolderSpec = 10;
			files = (
				6C0A99D51E75CD5100548D88 /* HyperCardCommon.framework in CopyFiles */,
			);
			runOnlyForDeploymentPostprocessing = 0;
		};
/* End PBXCopyFilesBuildPhase section */

/* Begin PBXFileReference section */
		6C17633F1F57218C006E72C7 /* CardItemView.swift */ = {isa = PBXFileReference; fileEncoding = 4; lastKnownFileType = sourcecode.swift; path = CardItemView.swift; sourceTree = "<group>"; };
		6C1763411F572809006E72C7 /* CardItem.swift */ = {isa = PBXFileReference; fileEncoding = 4; lastKnownFileType = sourcecode.swift; path = CardItem.swift; sourceTree = "<group>"; };
		6C26B8C21E6D7520006C314B /* HyperCardPreview.app */ = {isa = PBXFileReference; explicitFileType = wrapper.application; includeInIndex = 0; path = HyperCardPreview.app; sourceTree = BUILT_PRODUCTS_DIR; };
		6C26B8C51E6D7520006C314B /* AppDelegate.swift */ = {isa = PBXFileReference; lastKnownFileType = sourcecode.swift; path = AppDelegate.swift; sourceTree = "<group>"; };
		6C26B8C71E6D7520006C314B /* Document.swift */ = {isa = PBXFileReference; lastKnownFileType = sourcecode.swift; path = Document.swift; sourceTree = "<group>"; };
		6C26B8CA1E6D7520006C314B /* Base */ = {isa = PBXFileReference; lastKnownFileType = file.xib; name = Base; path = Base.lproj/Document.xib; sourceTree = "<group>"; };
		6C26B8CC1E6D7520006C314B /* Assets.xcassets */ = {isa = PBXFileReference; lastKnownFileType = folder.assetcatalog; path = Assets.xcassets; sourceTree = "<group>"; };
		6C26B8CF1E6D7520006C314B /* Base */ = {isa = PBXFileReference; lastKnownFileType = file.xib; name = Base; path = Base.lproj/MainMenu.xib; sourceTree = "<group>"; };
		6C26B8D11E6D7520006C314B /* Info.plist */ = {isa = PBXFileReference; lastKnownFileType = text.plist.xml; path = Info.plist; sourceTree = "<group>"; };
		6C26B8DA1E6D7577006C314B /* DocumentView.swift */ = {isa = PBXFileReference; fileEncoding = 4; lastKnownFileType = sourcecode.swift; path = DocumentView.swift; sourceTree = "<group>"; };
		6C2E061E215E61830071DE26 /* EmptySound.wav */ = {isa = PBXFileReference; lastKnownFileType = audio.wav; path = EmptySound.wav; sourceTree = "<group>"; };
		6C3682AD1E735EFF00EDF16D /* ScriptBorderView.swift */ = {isa = PBXFileReference; fileEncoding = 4; lastKnownFileType = sourcecode.swift; path = ScriptBorderView.swift; sourceTree = "<group>"; };
		6C36D7FE215E1CD3003AA45F /* SoundResourceIcon.png */ = {isa = PBXFileReference; lastKnownFileType = image.png; path = SoundResourceIcon.png; sourceTree = "<group>"; };
		6C36D802215E25B7003AA45F /* BinaryResourceIcon.png */ = {isa = PBXFileReference; lastKnownFileType = image.png; path = BinaryResourceIcon.png; sourceTree = "<group>"; };
		6C36D804215E27DA003AA45F /* ResourceItemView.swift */ = {isa = PBXFileReference; lastKnownFileType = sourcecode.swift; path = ResourceItemView.swift; sourceTree = "<group>"; };
		6C3FF055215CEC6300BCEC81 /* ExportAccessoryView.xib */ = {isa = PBXFileReference; lastKnownFileType = file.xib; path = ExportAccessoryView.xib; sourceTree = "<group>"; };
		6C3FF059215CEF0200BCEC81 /* ImageExporter.swift */ = {isa = PBXFileReference; lastKnownFileType = sourcecode.swift; path = ImageExporter.swift; sourceTree = "<group>"; };
		6C3FF05B215CF73400BCEC81 /* ExportProgress.xib */ = {isa = PBXFileReference; lastKnownFileType = file.xib; path = ExportProgress.xib; sourceTree = "<group>"; };
		6C4FE2561E75849700E2BF12 /* Stack.icns */ = {isa = PBXFileReference; lastKnownFileType = image.icns; path = Stack.icns; sourceTree = "<group>"; };
		6C4FE2661E75A4CE00E2BF12 /* Application.icns */ = {isa = PBXFileReference; lastKnownFileType = image.icns; path = Application.icns; sourceTree = "<group>"; };
		6C6064021F5B14CC00988560 /* CollectionView.swift */ = {isa = PBXFileReference; fileEncoding = 4; lastKnownFileType = sourcecode.swift; path = CollectionView.swift; sourceTree = "<group>"; };
		6C9E6A961E75BCCD00BBF925 /* HyperCardCommon.xcodeproj */ = {isa = PBXFileReference; lastKnownFileType = "wrapper.pb-project"; name = HyperCardCommon.xcodeproj; path = HyperCardCommon/HyperCardCommon.xcodeproj; sourceTree = "<group>"; };
		6CA554A51F602852005914E2 /* Help.xib */ = {isa = PBXFileReference; fileEncoding = 4; lastKnownFileType = file.xib; path = Help.xib; sourceTree = "<group>"; };
		6CA554AA1F602FD8005914E2 /* Shortcuts.html */ = {isa = PBXFileReference; fileEncoding = 4; lastKnownFileType = text.html; path = Shortcuts.html; sourceTree = "<group>"; };
		6CADCC061F474A3C00B895FB /* VisualEffects.swift */ = {isa = PBXFileReference; fileEncoding = 4; lastKnownFileType = sourcecode.swift; path = VisualEffects.swift; sourceTree = "<group>"; };
		6CB8B9861F4B0E4E0070116D /* CollectionViewManager.swift */ = {isa = PBXFileReference; fileEncoding = 4; lastKnownFileType = sourcecode.swift; path = CollectionViewManager.swift; sourceTree = "<group>"; };
		6CB8B98C1F4B16BC0070116D /* CardItem.xib */ = {isa = PBXFileReference; fileEncoding = 4; lastKnownFileType = file.xib; path = CardItem.xib; sourceTree = "<group>"; };
		6CC2F9482150F3C2007A7008 /* Stack Encoding.swift */ = {isa = PBXFileReference; lastKnownFileType = sourcecode.swift; path = "Stack Encoding.swift"; sourceTree = "<group>"; };
		6CCC93A01E73483D0059C8D8 /* InfoPanel.xib */ = {isa = PBXFileReference; fileEncoding = 4; lastKnownFileType = file.xib; path = InfoPanel.xib; sourceTree = "<group>"; };
		6CCC93A21E734A580059C8D8 /* InfoPanelController.swift */ = {isa = PBXFileReference; fileEncoding = 4; lastKnownFileType = sourcecode.swift; path = InfoPanelController.swift; sourceTree = "<group>"; };
		6CCE925A215D547600A93935 /* ResourceController.swift */ = {isa = PBXFileReference; lastKnownFileType = sourcecode.swift; path = ResourceController.swift; sourceTree = "<group>"; };
		6CCE925E215D692100A93935 /* ResourceWindow.xib */ = {isa = PBXFileReference; lastKnownFileType = file.xib; path = ResourceWindow.xib; sourceTree = "<group>"; };
		6CCE9260215D6C0A00A93935 /* ResourceItem.swift */ = {isa = PBXFileReference; lastKnownFileType = sourcecode.swift; path = ResourceItem.swift; sourceTree = "<group>"; };
		6CCE9262215D6C1A00A93935 /* ResourceItem.xib */ = {isa = PBXFileReference; lastKnownFileType = file.xib; path = ResourceItem.xib; sourceTree = "<group>"; };
		6CCFE625215E3D14000ED882 /* ResourceImageWindow.xib */ = {isa = PBXFileReference; lastKnownFileType = file.xib; path = ResourceImageWindow.xib; sourceTree = "<group>"; };
		6CCFE629215E3D5E000ED882 /* ResourceImageController.swift */ = {isa = PBXFileReference; lastKnownFileType = sourcecode.swift; path = ResourceImageController.swift; sourceTree = "<group>"; };
		6CCFE62B215E41FE000ED882 /* ResourceBinaryWindow.xib */ = {isa = PBXFileReference; lastKnownFileType = file.xib; path = ResourceBinaryWindow.xib; sourceTree = "<group>"; };
		6CCFE62D215E426D000ED882 /* ResourceBinaryController.swift */ = {isa = PBXFileReference; lastKnownFileType = sourcecode.swift; path = ResourceBinaryController.swift; sourceTree = "<group>"; };
		6CD58724215D176C00482A56 /* HyperCardPreview.entitlements */ = {isa = PBXFileReference; lastKnownFileType = text.plist.entitlements; path = HyperCardPreview.entitlements; sourceTree = "<group>"; };
/* End PBXFileReference section */

/* Begin PBXFrameworksBuildPhase section */
		6C26B8BF1E6D7520006C314B /* Frameworks */ = {
			isa = PBXFrameworksBuildPhase;
			buildActionMask = 2147483647;
			files = (
				6C9E6D401E75C02700BBF925 /* HyperCardCommon.framework in Frameworks */,
			);
			runOnlyForDeploymentPostprocessing = 0;
		};
/* End PBXFrameworksBuildPhase section */

/* Begin PBXGroup section */
		6C26B8B91E6D7520006C314B = {
			isa = PBXGroup;
			children = (
				6C9E6A961E75BCCD00BBF925 /* HyperCardCommon.xcodeproj */,
				6C26B8C41E6D7520006C314B /* HyperCardPreview */,
				6C26B8C31E6D7520006C314B /* Products */,
				6C26B8D71E6D7534006C314B /* Frameworks */,
			);
			sourceTree = "<group>";
		};
		6C26B8C31E6D7520006C314B /* Products */ = {
			isa = PBXGroup;
			children = (
				6C26B8C21E6D7520006C314B /* HyperCardPreview.app */,
			);
			name = Products;
			sourceTree = "<group>";
		};
		6C26B8C41E6D7520006C314B /* HyperCardPreview */ = {
			isa = PBXGroup;
			children = (
				6CD58724215D176C00482A56 /* HyperCardPreview.entitlements */,
				6C26B8C51E6D7520006C314B /* AppDelegate.swift */,
				6C26B8C71E6D7520006C314B /* Document.swift */,
				6C3682AD1E735EFF00EDF16D /* ScriptBorderView.swift */,
				6C26B8DA1E6D7577006C314B /* DocumentView.swift */,
				6CADCC061F474A3C00B895FB /* VisualEffects.swift */,
				6CB8B9861F4B0E4E0070116D /* CollectionViewManager.swift */,
				6C26B8C91E6D7520006C314B /* Document.xib */,
				6C26B8CC1E6D7520006C314B /* Assets.xcassets */,
				6C26B8CE1E6D7520006C314B /* MainMenu.xib */,
				6CCC93A21E734A580059C8D8 /* InfoPanelController.swift */,
				6CCC93A01E73483D0059C8D8 /* InfoPanel.xib */,
				6CB8B98C1F4B16BC0070116D /* CardItem.xib */,
				6C17633F1F57218C006E72C7 /* CardItemView.swift */,
				6C1763411F572809006E72C7 /* CardItem.swift */,
				6C6064021F5B14CC00988560 /* CollectionView.swift */,
				6CA554A51F602852005914E2 /* Help.xib */,
				6CC2F9482150F3C2007A7008 /* Stack Encoding.swift */,
				6C3FF059215CEF0200BCEC81 /* ImageExporter.swift */,
				6C3FF055215CEC6300BCEC81 /* ExportAccessoryView.xib */,
				6C3FF05B215CF73400BCEC81 /* ExportProgress.xib */,
				6CCE925A215D547600A93935 /* ResourceController.swift */,
				6CCE925E215D692100A93935 /* ResourceWindow.xib */,
				6CCE9260215D6C0A00A93935 /* ResourceItem.swift */,
				6C36D804215E27DA003AA45F /* ResourceItemView.swift */,
				6CCE9262215D6C1A00A93935 /* ResourceItem.xib */,
				6CCFE625215E3D14000ED882 /* ResourceImageWindow.xib */,
				6CCFE629215E3D5E000ED882 /* ResourceImageController.swift */,
				6CCFE62B215E41FE000ED882 /* ResourceBinaryWindow.xib */,
				6CCFE62D215E426D000ED882 /* ResourceBinaryController.swift */,
				6C4FE2661E75A4CE00E2BF12 /* Application.icns */,
				6C4FE2561E75849700E2BF12 /* Stack.icns */,
				6C36D7FE215E1CD3003AA45F /* SoundResourceIcon.png */,
				6C36D802215E25B7003AA45F /* BinaryResourceIcon.png */,
				6C2E061E215E61830071DE26 /* EmptySound.wav */,
				6CA554AA1F602FD8005914E2 /* Shortcuts.html */,
				6C26B8D11E6D7520006C314B /* Info.plist */,
			);
			path = HyperCardPreview;
			sourceTree = "<group>";
		};
		6C26B8D71E6D7534006C314B /* Frameworks */ = {
			isa = PBXGroup;
			children = (
			);
			name = Frameworks;
			sourceTree = "<group>";
		};
		6C9E6A971E75BCCD00BBF925 /* Products */ = {
			isa = PBXGroup;
			children = (
				6C9E6A9B1E75BCCE00BBF925 /* HyperCardCommon.framework */,
				6C6C43031F55BF1700AF579D /* HyperCardCommonTests.xctest */,
			);
			name = Products;
			sourceTree = "<group>";
		};
/* End PBXGroup section */

/* Begin PBXNativeTarget section */
		6C26B8C11E6D7520006C314B /* HyperCardPreview */ = {
			isa = PBXNativeTarget;
			buildConfigurationList = 6C26B8D41E6D7520006C314B /* Build configuration list for PBXNativeTarget "HyperCardPreview" */;
			buildPhases = (
				6C26B8BE1E6D7520006C314B /* Sources */,
				6C26B8BF1E6D7520006C314B /* Frameworks */,
				6C26B8C01E6D7520006C314B /* Resources */,
				6C0A99D21E75CCF300548D88 /* CopyFiles */,
				6C0A99D41E75CD4600548D88 /* CopyFiles */,
			);
			buildRules = (
			);
			dependencies = (
			);
			name = HyperCardPreview;
			productName = HyperCardPreview;
			productReference = 6C26B8C21E6D7520006C314B /* HyperCardPreview.app */;
			productType = "com.apple.product-type.application";
		};
/* End PBXNativeTarget section */

/* Begin PBXProject section */
		6C26B8BA1E6D7520006C314B /* Project object */ = {
			isa = PBXProject;
			attributes = {
				LastSwiftUpdateCheck = 0820;
				LastUpgradeCheck = 0930;
				ORGANIZATIONNAME = "Pierre Lorenzi";
				TargetAttributes = {
					6C26B8C11E6D7520006C314B = {
						CreatedOnToolsVersion = 8.2.1;
						DevelopmentTeam = 4635GNGBF8;
						LastSwiftMigration = 1000;
						ProvisioningStyle = Automatic;
						SystemCapabilities = {
							com.apple.HardenedRuntime = {
								enabled = 1;
							};
							com.apple.Sandbox = {
								enabled = 1;
							};
						};
					};
				};
			};
			buildConfigurationList = 6C26B8BD1E6D7520006C314B /* Build configuration list for PBXProject "HyperCardPreview" */;
			compatibilityVersion = "Xcode 3.2";
			developmentRegion = English;
			hasScannedForEncodings = 0;
			knownRegions = (
				en,
				Base,
			);
			mainGroup = 6C26B8B91E6D7520006C314B;
			productRefGroup = 6C26B8C31E6D7520006C314B /* Products */;
			projectDirPath = "";
			projectReferences = (
				{
					ProductGroup = 6C9E6A971E75BCCD00BBF925 /* Products */;
					ProjectRef = 6C9E6A961E75BCCD00BBF925 /* HyperCardCommon.xcodeproj */;
				},
			);
			projectRoot = "";
			targets = (
				6C26B8C11E6D7520006C314B /* HyperCardPreview */,
			);
		};
/* End PBXProject section */

/* Begin PBXReferenceProxy section */
		6C6C43031F55BF1700AF579D /* HyperCardCommonTests.xctest */ = {
			isa = PBXReferenceProxy;
			fileType = wrapper.cfbundle;
			path = HyperCardCommonTests.xctest;
			remoteRef = 6C6C43021F55BF1700AF579D /* PBXContainerItemProxy */;
			sourceTree = BUILT_PRODUCTS_DIR;
		};
		6C9E6A9B1E75BCCE00BBF925 /* HyperCardCommon.framework */ = {
			isa = PBXReferenceProxy;
			fileType = wrapper.framework;
			path = HyperCardCommon.framework;
			remoteRef = 6C9E6A9A1E75BCCE00BBF925 /* PBXContainerItemProxy */;
			sourceTree = BUILT_PRODUCTS_DIR;
		};
/* End PBXReferenceProxy section */

/* Begin PBXResourcesBuildPhase section */
		6C26B8C01E6D7520006C314B /* Resources */ = {
			isa = PBXResourcesBuildPhase;
			buildActionMask = 2147483647;
			files = (
				6CA554A61F602852005914E2 /* Help.xib in Resources */,
				6C3FF05C215CF73400BCEC81 /* ExportProgress.xib in Resources */,
				6C26B8CD1E6D7520006C314B /* Assets.xcassets in Resources */,
				6C26B8CB1E6D7520006C314B /* Document.xib in Resources */,
				6C3FF056215CEC6300BCEC81 /* ExportAccessoryView.xib in Resources */,
				6CA554AB1F602FD8005914E2 /* Shortcuts.html in Resources */,
				6CCC93A11E73483D0059C8D8 /* InfoPanel.xib in Resources */,
				6CCE9263215D6C1A00A93935 /* ResourceItem.xib in Resources */,
				6C36D803215E25B7003AA45F /* BinaryResourceIcon.png in Resources */,
				6C36D801215E1CD3003AA45F /* SoundResourceIcon.png in Resources */,
				6CCE925F215D692100A93935 /* ResourceWindow.xib in Resources */,
				6CCFE626215E3D14000ED882 /* ResourceImageWindow.xib in Resources */,
				6CCFE62C215E41FE000ED882 /* ResourceBinaryWindow.xib in Resources */,
				6CB8B98D1F4B16BC0070116D /* CardItem.xib in Resources */,
				6C4FE2671E75A4CE00E2BF12 /* Application.icns in Resources */,
				6C4FE2571E75849700E2BF12 /* Stack.icns in Resources */,
				6C2E0621215E61830071DE26 /* EmptySound.wav in Resources */,
				6C26B8D01E6D7520006C314B /* MainMenu.xib in Resources */,
			);
			runOnlyForDeploymentPostprocessing = 0;
		};
/* End PBXResourcesBuildPhase section */

/* Begin PBXSourcesBuildPhase section */
		6C26B8BE1E6D7520006C314B /* Sources */ = {
			isa = PBXSourcesBuildPhase;
			buildActionMask = 2147483647;
			files = (
				6C26B8C81E6D7520006C314B /* Document.swift in Sources */,
				6C1763401F57218C006E72C7 /* CardItemView.swift in Sources */,
				6CC2F9492150F3C2007A7008 /* Stack Encoding.swift in Sources */,
				6C3682AE1E735EFF00EDF16D /* ScriptBorderView.swift in Sources */,
				6CADCC071F474A3C00B895FB /* VisualEffects.swift in Sources */,
				6C26B8DB1E6D7577006C314B /* DocumentView.swift in Sources */,
				6C3FF05A215CEF0200BCEC81 /* ImageExporter.swift in Sources */,
				6CCFE62E215E426D000ED882 /* ResourceBinaryController.swift in Sources */,
				6CCFE62A215E3D5E000ED882 /* ResourceImageController.swift in Sources */,
				6C1763421F572809006E72C7 /* CardItem.swift in Sources */,
				6C6064031F5B14CC00988560 /* CollectionView.swift in Sources */,
				6CCE925B215D547600A93935 /* ResourceController.swift in Sources */,
				6CCC93A31E734A580059C8D8 /* InfoPanelController.swift in Sources */,
				6C26B8C61E6D7520006C314B /* AppDelegate.swift in Sources */,
				6C36D805215E27DA003AA45F /* ResourceItemView.swift in Sources */,
				6CCE9261215D6C0A00A93935 /* ResourceItem.swift in Sources */,
				6CB8B9871F4B0E4E0070116D /* CollectionViewManager.swift in Sources */,
			);
			runOnlyForDeploymentPostprocessing = 0;
		};
/* End PBXSourcesBuildPhase section */

/* Begin PBXVariantGroup section */
		6C26B8C91E6D7520006C314B /* Document.xib */ = {
			isa = PBXVariantGroup;
			children = (
				6C26B8CA1E6D7520006C314B /* Base */,
			);
			name = Document.xib;
			sourceTree = "<group>";
		};
		6C26B8CE1E6D7520006C314B /* MainMenu.xib */ = {
			isa = PBXVariantGroup;
			children = (
				6C26B8CF1E6D7520006C314B /* Base */,
			);
			name = MainMenu.xib;
			sourceTree = "<group>";
		};
/* End PBXVariantGroup section */

/* Begin XCBuildConfiguration section */
		6C26B8D21E6D7520006C314B /* Debug */ = {
			isa = XCBuildConfiguration;
			buildSettings = {
				ALWAYS_SEARCH_USER_PATHS = NO;
				CLANG_ANALYZER_NONNULL = YES;
				CLANG_CXX_LANGUAGE_STANDARD = "gnu++0x";
				CLANG_CXX_LIBRARY = "libc++";
				CLANG_ENABLE_MODULES = YES;
				CLANG_ENABLE_OBJC_ARC = YES;
				CLANG_WARN_BLOCK_CAPTURE_AUTORELEASING = YES;
				CLANG_WARN_BOOL_CONVERSION = YES;
				CLANG_WARN_COMMA = YES;
				CLANG_WARN_CONSTANT_CONVERSION = YES;
				CLANG_WARN_DEPRECATED_OBJC_IMPLEMENTATIONS = YES;
				CLANG_WARN_DIRECT_OBJC_ISA_USAGE = YES_ERROR;
				CLANG_WARN_DOCUMENTATION_COMMENTS = YES;
				CLANG_WARN_EMPTY_BODY = YES;
				CLANG_WARN_ENUM_CONVERSION = YES;
				CLANG_WARN_INFINITE_RECURSION = YES;
				CLANG_WARN_INT_CONVERSION = YES;
				CLANG_WARN_NON_LITERAL_NULL_CONVERSION = YES;
				CLANG_WARN_OBJC_IMPLICIT_RETAIN_SELF = YES;
				CLANG_WARN_OBJC_LITERAL_CONVERSION = YES;
				CLANG_WARN_OBJC_ROOT_CLASS = YES_ERROR;
				CLANG_WARN_RANGE_LOOP_ANALYSIS = YES;
				CLANG_WARN_STRICT_PROTOTYPES = YES;
				CLANG_WARN_SUSPICIOUS_MOVE = YES;
				CLANG_WARN_UNREACHABLE_CODE = YES;
				CLANG_WARN__DUPLICATE_METHOD_MATCH = YES;
				CODE_SIGN_IDENTITY = "-";
				COPY_PHASE_STRIP = NO;
				DEBUG_INFORMATION_FORMAT = dwarf;
				ENABLE_STRICT_OBJC_MSGSEND = YES;
				ENABLE_TESTABILITY = YES;
				GCC_C_LANGUAGE_STANDARD = gnu99;
				GCC_DYNAMIC_NO_PIC = NO;
				GCC_NO_COMMON_BLOCKS = YES;
				GCC_OPTIMIZATION_LEVEL = 0;
				GCC_PREPROCESSOR_DEFINITIONS = (
					"DEBUG=1",
					"$(inherited)",
				);
				GCC_WARN_64_TO_32_BIT_CONVERSION = YES;
				GCC_WARN_ABOUT_RETURN_TYPE = YES_ERROR;
				GCC_WARN_UNDECLARED_SELECTOR = YES;
				GCC_WARN_UNINITIALIZED_AUTOS = YES_AGGRESSIVE;
				GCC_WARN_UNUSED_FUNCTION = YES;
				GCC_WARN_UNUSED_VARIABLE = YES;
				MACOSX_DEPLOYMENT_TARGET = 10.12;
				MTL_ENABLE_DEBUG_INFO = YES;
				ONLY_ACTIVE_ARCH = YES;
				SDKROOT = macosx;
				SWIFT_ACTIVE_COMPILATION_CONDITIONS = DEBUG;
				SWIFT_OPTIMIZATION_LEVEL = "-Onone";
			};
			name = Debug;
		};
		6C26B8D31E6D7520006C314B /* Release */ = {
			isa = XCBuildConfiguration;
			buildSettings = {
				ALWAYS_SEARCH_USER_PATHS = NO;
				CLANG_ANALYZER_NONNULL = YES;
				CLANG_CXX_LANGUAGE_STANDARD = "gnu++0x";
				CLANG_CXX_LIBRARY = "libc++";
				CLANG_ENABLE_MODULES = YES;
				CLANG_ENABLE_OBJC_ARC = YES;
				CLANG_WARN_BLOCK_CAPTURE_AUTORELEASING = YES;
				CLANG_WARN_BOOL_CONVERSION = YES;
				CLANG_WARN_COMMA = YES;
				CLANG_WARN_CONSTANT_CONVERSION = YES;
				CLANG_WARN_DEPRECATED_OBJC_IMPLEMENTATIONS = YES;
				CLANG_WARN_DIRECT_OBJC_ISA_USAGE = YES_ERROR;
				CLANG_WARN_DOCUMENTATION_COMMENTS = YES;
				CLANG_WARN_EMPTY_BODY = YES;
				CLANG_WARN_ENUM_CONVERSION = YES;
				CLANG_WARN_INFINITE_RECURSION = YES;
				CLANG_WARN_INT_CONVERSION = YES;
				CLANG_WARN_NON_LITERAL_NULL_CONVERSION = YES;
				CLANG_WARN_OBJC_IMPLICIT_RETAIN_SELF = YES;
				CLANG_WARN_OBJC_LITERAL_CONVERSION = YES;
				CLANG_WARN_OBJC_ROOT_CLASS = YES_ERROR;
				CLANG_WARN_RANGE_LOOP_ANALYSIS = YES;
				CLANG_WARN_STRICT_PROTOTYPES = YES;
				CLANG_WARN_SUSPICIOUS_MOVE = YES;
				CLANG_WARN_UNREACHABLE_CODE = YES;
				CLANG_WARN__DUPLICATE_METHOD_MATCH = YES;
				CODE_SIGN_IDENTITY = "-";
				COPY_PHASE_STRIP = NO;
				DEBUG_INFORMATION_FORMAT = "dwarf-with-dsym";
				ENABLE_NS_ASSERTIONS = NO;
				ENABLE_STRICT_OBJC_MSGSEND = YES;
				GCC_C_LANGUAGE_STANDARD = gnu99;
				GCC_NO_COMMON_BLOCKS = YES;
				GCC_WARN_64_TO_32_BIT_CONVERSION = YES;
				GCC_WARN_ABOUT_RETURN_TYPE = YES_ERROR;
				GCC_WARN_UNDECLARED_SELECTOR = YES;
				GCC_WARN_UNINITIALIZED_AUTOS = YES_AGGRESSIVE;
				GCC_WARN_UNUSED_FUNCTION = YES;
				GCC_WARN_UNUSED_VARIABLE = YES;
				MACOSX_DEPLOYMENT_TARGET = 10.12;
				MTL_ENABLE_DEBUG_INFO = NO;
				SDKROOT = macosx;
				SWIFT_OPTIMIZATION_LEVEL = "-Owholemodule";
			};
			name = Release;
		};
		6C26B8D51E6D7520006C314B /* Debug */ = {
			isa = XCBuildConfiguration;
			buildSettings = {
				ASSETCATALOG_COMPILER_APPICON_NAME = AppIcon;
				CODE_SIGN_ENTITLEMENTS = HyperCardPreview/HyperCardPreview.entitlements;
				CODE_SIGN_IDENTITY = "Mac Developer";
				CODE_SIGN_STYLE = Automatic;
				COMBINE_HIDPI_IMAGES = YES;
				DEVELOPMENT_TEAM = 4635GNGBF8;
				ENABLE_HARDENED_RUNTIME = YES;
				INFOPLIST_FILE = HyperCardPreview/Info.plist;
				LD_RUNPATH_SEARCH_PATHS = "$(inherited) @executable_path/../Frameworks";
				PRODUCT_BUNDLE_IDENTIFIER = fr.pierrelorenzi.HyperCardPreview;
				PRODUCT_NAME = "$(TARGET_NAME)";
				PROVISIONING_PROFILE_SPECIFIER = "";
				SWIFT_VERSION = 4.2;
			};
			name = Debug;
		};
		6C26B8D61E6D7520006C314B /* Release */ = {
			isa = XCBuildConfiguration;
			buildSettings = {
				ASSETCATALOG_COMPILER_APPICON_NAME = AppIcon;
				CODE_SIGN_ENTITLEMENTS = HyperCardPreview/HyperCardPreview.entitlements;
				CODE_SIGN_IDENTITY = "Mac Developer";
				CODE_SIGN_STYLE = Automatic;
				COMBINE_HIDPI_IMAGES = YES;
				DEVELOPMENT_TEAM = 4635GNGBF8;
				ENABLE_HARDENED_RUNTIME = YES;
				INFOPLIST_FILE = HyperCardPreview/Info.plist;
				LD_RUNPATH_SEARCH_PATHS = "$(inherited) @executable_path/../Frameworks";
				PRODUCT_BUNDLE_IDENTIFIER = fr.pierrelorenzi.HyperCardPreview;
				PRODUCT_NAME = "$(TARGET_NAME)";
				PROVISIONING_PROFILE_SPECIFIER = "";
				SWIFT_VERSION = 4.2;
			};
			name = Release;
		};
/* End XCBuildConfiguration section */

/* Begin XCConfigurationList section */
		6C26B8BD1E6D7520006C314B /* Build configuration list for PBXProject "HyperCardPreview" */ = {
			isa = XCConfigurationList;
			buildConfigurations = (
				6C26B8D21E6D7520006C314B /* Debug */,
				6C26B8D31E6D7520006C314B /* Release */,
			);
			defaultConfigurationIsVisible = 0;
			defaultConfigurationName = Release;
		};
		6C26B8D41E6D7520006C314B /* Build configuration list for PBXNativeTarget "HyperCardPreview" */ = {
			isa = XCConfigurationList;
			buildConfigurations = (
				6C26B8D51E6D7520006C314B /* Debug */,
				6C26B8D61E6D7520006C314B /* Release */,
			);
			defaultConfigurationIsVisible = 0;
			defaultConfigurationName = Release;
		};
/* End XCConfigurationList section */
	};
	rootObject = 6C26B8BA1E6D7520006C314B /* Project object */;
}
